
Microsoft Visual Studio Solution File, Format Version 12.00
# Visual Studio Version 16
VisualStudioVersion = 16.0.29215.179
MinimumVisualStudioVersion = 10.0.40219.1
Project("{8BC9CEB8-8B4A-11D0-8D11-00A0C91BC942}") = "factorial_of_a_number", "factorial_of_a_number\factorial_of_a_number.vcxproj", "{B044D1E5-015B-4D93-B1E9-1D6231A9F368}"
EndProject
Global
	GlobalSection(SolutionConfigurationPlatforms) = preSolution
		Debug|x64 = Debug|x64
		Debug|x86 = Debug|x86
		Release|x64 = Release|x64
		Release|x86 = Release|x86
	EndGlobalSection
	GlobalSection(ProjectConfigurationPlatforms) = postSolution
		{B044D1E5-015B-4D93-B1E9-1D6231A9F368}.Debug|x64.ActiveCfg = Debug|x64
		{B044D1E5-015B-4D93-B1E9-1D6231A9F368}.Debug|x64.Build.0 = Debug|x64
		{B044D1E5-015B-4D93-B1E9-1D6231A9F368}.Debug|x86.ActiveCfg = Debug|Win32
		{B044D1E5-015B-4D93-B1E9-1D6231A9F368}.Debug|x86.Build.0 = Debug|Win32
		{B044D1E5-015B-4D93-B1E9-1D6231A9F368}.Release|x64.ActiveCfg = Release|x64
		{B044D1E5-015B-4D93-B1E9-1D6231A9F368}.Release|x64.Build.0 = Release|x64
		{B044D1E5-015B-4D93-B1E9-1D6231A9F368}.Release|x86.ActiveCfg = Release|Win32
		{B044D1E5-015B-4D93-B1E9-1D6231A9F368}.Release|x86.Build.0 = Release|Win32
	EndGlobalSection
	GlobalSection(SolutionProperties) = preSolution
		HideSolutionNode = FALSE
	EndGlobalSection
	GlobalSection(ExtensibilityGlobals) = postSolution
		SolutionGuid = {3F48C12C-6020-400B-8D65-5337C891E6E1}
	EndGlobalSection
EndGlobal
