
Microsoft Visual Studio Solution File, Format Version 12.00
# Visual Studio Version 16
VisualStudioVersion = 16.0.29926.136
MinimumVisualStudioVersion = 10.0.40219.1
Project("{FAE04EC0-301F-11D3-BF4B-00C04F79EFBC}") = "program7", "program7\program7.csproj", "{AA3CBA37-DC90-4490-A4AC-A923C2010BF3}"
EndProject
Global
	GlobalSection(SolutionConfigurationPlatforms) = preSolution
		Debug|Any CPU = Debug|Any CPU
		Release|Any CPU = Release|Any CPU
	EndGlobalSection
	GlobalSection(ProjectConfigurationPlatforms) = postSolution
		{AA3CBA37-DC90-4490-A4AC-A923C2010BF3}.Debug|Any CPU.ActiveCfg = Debug|Any CPU
		{AA3CBA37-DC90-4490-A4AC-A923C2010BF3}.Debug|Any CPU.Build.0 = Debug|Any CPU
		{AA3CBA37-DC90-4490-A4AC-A923C2010BF3}.Release|Any CPU.ActiveCfg = Release|Any CPU
		{AA3CBA37-DC90-4490-A4AC-A923C2010BF3}.Release|Any CPU.Build.0 = Release|Any CPU
	EndGlobalSection
	GlobalSection(SolutionProperties) = preSolution
		HideSolutionNode = FALSE
	EndGlobalSection
	GlobalSection(ExtensibilityGlobals) = postSolution
		SolutionGuid = {DD27E4D4-3047-4CC4-B476-923E98DCB725}
	EndGlobalSection
EndGlobal
