
Microsoft Visual Studio Solution File, Format Version 12.00
# Visual Studio Version 16
VisualStudioVersion = 16.0.29411.108
MinimumVisualStudioVersion = 10.0.40219.1
Project("{FAE04EC0-301F-11D3-BF4B-00C04F79EFBC}") = "Alarms", "Alarms\Alarms.csproj", "{3C1AB440-BBCD-40D2-9B27-2B914510E06F}"
EndProject
Global
	GlobalSection(SolutionConfigurationPlatforms) = preSolution
		Debug|Any CPU = Debug|Any CPU
		Release|Any CPU = Release|Any CPU
	EndGlobalSection
	GlobalSection(ProjectConfigurationPlatforms) = postSolution
		{3C1AB440-BBCD-40D2-9B27-2B914510E06F}.Debug|Any CPU.ActiveCfg = Debug|Any CPU
		{3C1AB440-BBCD-40D2-9B27-2B914510E06F}.Debug|Any CPU.Build.0 = Debug|Any CPU
		{3C1AB440-BBCD-40D2-9B27-2B914510E06F}.Release|Any CPU.ActiveCfg = Release|Any CPU
		{3C1AB440-BBCD-40D2-9B27-2B914510E06F}.Release|Any CPU.Build.0 = Release|Any CPU
	EndGlobalSection
	GlobalSection(SolutionProperties) = preSolution
		HideSolutionNode = FALSE
	EndGlobalSection
	GlobalSection(ExtensibilityGlobals) = postSolution
		SolutionGuid = {C70A0E23-7206-4126-832B-CECB9E6DC385}
	EndGlobalSection
EndGlobal
