
Microsoft Visual Studio Solution File, Format Version 12.00
# Visual Studio Version 16
VisualStudioVersion = 16.0.29411.108
MinimumVisualStudioVersion = 10.0.40219.1
Project("{FAE04EC0-301F-11D3-BF4B-00C04F79EFBC}") = "Starting", "Starting\Starting.csproj", "{2DF9A3AF-216C-42DA-A231-45A1504C9CC3}"
EndProject
Global
	GlobalSection(SolutionConfigurationPlatforms) = preSolution
		Debug|Any CPU = Debug|Any CPU
		Release|Any CPU = Release|Any CPU
	EndGlobalSection
	GlobalSection(ProjectConfigurationPlatforms) = postSolution
		{2DF9A3AF-216C-42DA-A231-45A1504C9CC3}.Debug|Any CPU.ActiveCfg = Debug|Any CPU
		{2DF9A3AF-216C-42DA-A231-45A1504C9CC3}.Debug|Any CPU.Build.0 = Debug|Any CPU
		{2DF9A3AF-216C-42DA-A231-45A1504C9CC3}.Release|Any CPU.ActiveCfg = Release|Any CPU
		{2DF9A3AF-216C-42DA-A231-45A1504C9CC3}.Release|Any CPU.Build.0 = Release|Any CPU
	EndGlobalSection
	GlobalSection(SolutionProperties) = preSolution
		HideSolutionNode = FALSE
	EndGlobalSection
	GlobalSection(ExtensibilityGlobals) = postSolution
		SolutionGuid = {2AAF4E3B-5FDE-4A4A-8466-6D926AF8A4D2}
	EndGlobalSection
EndGlobal
