
Microsoft Visual Studio Solution File, Format Version 12.00
# Visual Studio Version 16
VisualStudioVersion = 16.0.29806.167
MinimumVisualStudioVersion = 10.0.40219.1
Project("{FAE04EC0-301F-11D3-BF4B-00C04F79EFBC}") = "Флаги", "Флаги\Флаги.csproj", "{86223699-4141-4989-933E-F14570FD7B7D}"
EndProject
Global
	GlobalSection(SolutionConfigurationPlatforms) = preSolution
		Debug|Any CPU = Debug|Any CPU
		Release|Any CPU = Release|Any CPU
	EndGlobalSection
	GlobalSection(ProjectConfigurationPlatforms) = postSolution
		{86223699-4141-4989-933E-F14570FD7B7D}.Debug|Any CPU.ActiveCfg = Debug|Any CPU
		{86223699-4141-4989-933E-F14570FD7B7D}.Debug|Any CPU.Build.0 = Debug|Any CPU
		{86223699-4141-4989-933E-F14570FD7B7D}.Release|Any CPU.ActiveCfg = Release|Any CPU
		{86223699-4141-4989-933E-F14570FD7B7D}.Release|Any CPU.Build.0 = Release|Any CPU
	EndGlobalSection
	GlobalSection(SolutionProperties) = preSolution
		HideSolutionNode = FALSE
	EndGlobalSection
	GlobalSection(ExtensibilityGlobals) = postSolution
		SolutionGuid = {D48CE8FA-2364-4C77-BD08-BD15966DBBA0}
	EndGlobalSection
EndGlobal
