
Microsoft Visual Studio Solution File, Format Version 12.00
# Visual Studio Version 16
VisualStudioVersion = 16.0.29411.108
MinimumVisualStudioVersion = 10.0.40219.1
Project("{8BC9CEB8-8B4A-11D0-8D11-00A0C91BC942}") = "Drinks", "Drinks\Drinks.vcxproj", "{7B79DBE9-33AE-405D-B249-9E8DF2D4DBC1}"
EndProject
Global
	GlobalSection(SolutionConfigurationPlatforms) = preSolution
		Debug|x64 = Debug|x64
		Debug|x86 = Debug|x86
		Release|x64 = Release|x64
		Release|x86 = Release|x86
	EndGlobalSection
	GlobalSection(ProjectConfigurationPlatforms) = postSolution
		{7B79DBE9-33AE-405D-B249-9E8DF2D4DBC1}.Debug|x64.ActiveCfg = Debug|x64
		{7B79DBE9-33AE-405D-B249-9E8DF2D4DBC1}.Debug|x64.Build.0 = Debug|x64
		{7B79DBE9-33AE-405D-B249-9E8DF2D4DBC1}.Debug|x86.ActiveCfg = Debug|Win32
		{7B79DBE9-33AE-405D-B249-9E8DF2D4DBC1}.Debug|x86.Build.0 = Debug|Win32
		{7B79DBE9-33AE-405D-B249-9E8DF2D4DBC1}.Release|x64.ActiveCfg = Release|x64
		{7B79DBE9-33AE-405D-B249-9E8DF2D4DBC1}.Release|x64.Build.0 = Release|x64
		{7B79DBE9-33AE-405D-B249-9E8DF2D4DBC1}.Release|x86.ActiveCfg = Release|Win32
		{7B79DBE9-33AE-405D-B249-9E8DF2D4DBC1}.Release|x86.Build.0 = Release|Win32
	EndGlobalSection
	GlobalSection(SolutionProperties) = preSolution
		HideSolutionNode = FALSE
	EndGlobalSection
	GlobalSection(ExtensibilityGlobals) = postSolution
		SolutionGuid = {E10CC890-BDE0-44F0-8857-5926137FC95A}
	EndGlobalSection
EndGlobal
