
Microsoft Visual Studio Solution File, Format Version 12.00
# Visual Studio 15
VisualStudioVersion = 15.0.28307.168
MinimumVisualStudioVersion = 10.0.40219.1
Project("{FAE04EC0-301F-11D3-BF4B-00C04F79EFBC}") = "Shooting_lab", "ShootingWF\Shooting_lab.csproj", "{B91240A9-41D9-4586-9C69-9B8178651C80}"
EndProject
Global
	GlobalSection(SolutionConfigurationPlatforms) = preSolution
		Debug|Any CPU = Debug|Any CPU
		Release|Any CPU = Release|Any CPU
	EndGlobalSection
	GlobalSection(ProjectConfigurationPlatforms) = postSolution
		{B91240A9-41D9-4586-9C69-9B8178651C80}.Debug|Any CPU.ActiveCfg = Debug|Any CPU
		{B91240A9-41D9-4586-9C69-9B8178651C80}.Debug|Any CPU.Build.0 = Debug|Any CPU
		{B91240A9-41D9-4586-9C69-9B8178651C80}.Release|Any CPU.ActiveCfg = Release|Any CPU
		{B91240A9-41D9-4586-9C69-9B8178651C80}.Release|Any CPU.Build.0 = Release|Any CPU
	EndGlobalSection
	GlobalSection(SolutionProperties) = preSolution
		HideSolutionNode = FALSE
	EndGlobalSection
	GlobalSection(ExtensibilityGlobals) = postSolution
		SolutionGuid = {B79BDD44-6703-4343-8A88-85D376BE703C}
	EndGlobalSection
EndGlobal
