
Microsoft Visual Studio Solution File, Format Version 12.00
# Visual Studio Version 16
VisualStudioVersion = 16.0.31005.135
MinimumVisualStudioVersion = 10.0.40219.1
Project("{FAE04EC0-301F-11D3-BF4B-00C04F79EFBC}") = "Lab1", "Lab1\Lab1.csproj", "{229E83A1-6973-497B-A864-950C7EEFB32C}"
EndProject
Global
	GlobalSection(SolutionConfigurationPlatforms) = preSolution
		Debug|Any CPU = Debug|Any CPU
		Release|Any CPU = Release|Any CPU
	EndGlobalSection
	GlobalSection(ProjectConfigurationPlatforms) = postSolution
		{229E83A1-6973-497B-A864-950C7EEFB32C}.Debug|Any CPU.ActiveCfg = Debug|Any CPU
		{229E83A1-6973-497B-A864-950C7EEFB32C}.Debug|Any CPU.Build.0 = Debug|Any CPU
		{229E83A1-6973-497B-A864-950C7EEFB32C}.Release|Any CPU.ActiveCfg = Release|Any CPU
		{229E83A1-6973-497B-A864-950C7EEFB32C}.Release|Any CPU.Build.0 = Release|Any CPU
	EndGlobalSection
	GlobalSection(SolutionProperties) = preSolution
		HideSolutionNode = FALSE
	EndGlobalSection
	GlobalSection(ExtensibilityGlobals) = postSolution
		SolutionGuid = {7602AF26-B9F3-44A6-ACCD-0BBFB28F118E}
	EndGlobalSection
EndGlobal
