
Microsoft Visual Studio Solution File, Format Version 12.00
# Visual Studio Version 16
VisualStudioVersion = 16.0.29926.136
MinimumVisualStudioVersion = 10.0.40219.1
Project("{FAE04EC0-301F-11D3-BF4B-00C04F79EFBC}") = "Belorussian taxi", "Belorussian taxi\Belorussian taxi.csproj", "{89364F3D-1140-42F9-B1D4-928BAE89DC09}"
EndProject
Global
	GlobalSection(SolutionConfigurationPlatforms) = preSolution
		Debug|Any CPU = Debug|Any CPU
		Release|Any CPU = Release|Any CPU
	EndGlobalSection
	GlobalSection(ProjectConfigurationPlatforms) = postSolution
		{89364F3D-1140-42F9-B1D4-928BAE89DC09}.Debug|Any CPU.ActiveCfg = Debug|Any CPU
		{89364F3D-1140-42F9-B1D4-928BAE89DC09}.Debug|Any CPU.Build.0 = Debug|Any CPU
		{89364F3D-1140-42F9-B1D4-928BAE89DC09}.Release|Any CPU.ActiveCfg = Release|Any CPU
		{89364F3D-1140-42F9-B1D4-928BAE89DC09}.Release|Any CPU.Build.0 = Release|Any CPU
	EndGlobalSection
	GlobalSection(SolutionProperties) = preSolution
		HideSolutionNode = FALSE
	EndGlobalSection
	GlobalSection(ExtensibilityGlobals) = postSolution
		SolutionGuid = {0F00C1BB-B6B8-46A5-94A3-8720F14D1B47}
	EndGlobalSection
EndGlobal
