
Microsoft Visual Studio Solution File, Format Version 12.00
# Visual Studio Version 16
VisualStudioVersion = 16.0.29411.108
MinimumVisualStudioVersion = 10.0.40219.1
Project("{8BC9CEB8-8B4A-11D0-8D11-00A0C91BC942}") = "Animals", "Animals\Animals.vcxproj", "{4FAC44E8-01FB-4E27-A5D7-10E65395AEBB}"
EndProject
Global
	GlobalSection(SolutionConfigurationPlatforms) = preSolution
		Debug|x64 = Debug|x64
		Debug|x86 = Debug|x86
		Release|x64 = Release|x64
		Release|x86 = Release|x86
	EndGlobalSection
	GlobalSection(ProjectConfigurationPlatforms) = postSolution
		{4FAC44E8-01FB-4E27-A5D7-10E65395AEBB}.Debug|x64.ActiveCfg = Debug|x64
		{4FAC44E8-01FB-4E27-A5D7-10E65395AEBB}.Debug|x64.Build.0 = Debug|x64
		{4FAC44E8-01FB-4E27-A5D7-10E65395AEBB}.Debug|x86.ActiveCfg = Debug|Win32
		{4FAC44E8-01FB-4E27-A5D7-10E65395AEBB}.Debug|x86.Build.0 = Debug|Win32
		{4FAC44E8-01FB-4E27-A5D7-10E65395AEBB}.Release|x64.ActiveCfg = Release|x64
		{4FAC44E8-01FB-4E27-A5D7-10E65395AEBB}.Release|x64.Build.0 = Release|x64
		{4FAC44E8-01FB-4E27-A5D7-10E65395AEBB}.Release|x86.ActiveCfg = Release|Win32
		{4FAC44E8-01FB-4E27-A5D7-10E65395AEBB}.Release|x86.Build.0 = Release|Win32
	EndGlobalSection
	GlobalSection(SolutionProperties) = preSolution
		HideSolutionNode = FALSE
	EndGlobalSection
	GlobalSection(ExtensibilityGlobals) = postSolution
		SolutionGuid = {105E9B82-7F5F-4657-8B34-D411DD26B027}
	EndGlobalSection
EndGlobal
